
Microsoft Visual Studio Solution File, Format Version 12.00
# Visual Studio Version 16
VisualStudioVersion = 16.0.31025.194
MinimumVisualStudioVersion = 10.0.40219.1
Project("{FAE04EC0-301F-11D3-BF4B-00C04F79EFBC}") = "TaxiStationManagement.API", "TaxiStationManagement.API.csproj", "{28E348A0-457D-4704-A53F-543213B778DB}"
EndProject
Global
	GlobalSection(SolutionConfigurationPlatforms) = preSolution
		Debug|Any CPU = Debug|Any CPU
		Release|Any CPU = Release|Any CPU
	EndGlobalSection
	GlobalSection(ProjectConfigurationPlatforms) = postSolution
		{28E348A0-457D-4704-A53F-543213B778DB}.Debug|Any CPU.ActiveCfg = Debug|Any CPU
		{28E348A0-457D-4704-A53F-543213B778DB}.Debug|Any CPU.Build.0 = Debug|Any CPU
		{28E348A0-457D-4704-A53F-543213B778DB}.Release|Any CPU.ActiveCfg = Release|Any CPU
		{28E348A0-457D-4704-A53F-543213B778DB}.Release|Any CPU.Build.0 = Release|Any CPU
	EndGlobalSection
	GlobalSection(SolutionProperties) = preSolution
		HideSolutionNode = FALSE
	EndGlobalSection
	GlobalSection(ExtensibilityGlobals) = postSolution
		SolutionGuid = {75DC1BCE-904A-4B59-8646-16437042D03C}
	EndGlobalSection
EndGlobal
